
Microsoft Visual Studio Solution File, Format Version 12.00
# Visual Studio Version 17
VisualStudioVersion = 17.11.35208.52
MinimumVisualStudioVersion = 10.0.40219.1
Project("{2150E333-8FDC-42A3-9474-1A3956D46DE8}") = "Creational", "Creational", "{2AC757AD-F548-479E-9312-38C98981C861}"
EndProject
Project("{2150E333-8FDC-42A3-9474-1A3956D46DE8}") = "Structural", "Structural", "{278263D5-3C25-4D93-858E-B4BB51F4A2DB}"
EndProject
Project("{2150E333-8FDC-42A3-9474-1A3956D46DE8}") = "Behavioral", "Behavioral", "{CAD9BD8C-0657-41BE-8C3F-3A9303F74C91}"
EndProject
Project("{FAE04EC0-301F-11D3-BF4B-00C04F79EFBC}") = "Singleton", "Singleton\Singleton.csproj", "{4A1B58E0-6C57-439F-8D59-A41F6622E905}"
EndProject
Global
	GlobalSection(SolutionConfigurationPlatforms) = preSolution
		Debug|Any CPU = Debug|Any CPU
		Release|Any CPU = Release|Any CPU
	EndGlobalSection
	GlobalSection(ProjectConfigurationPlatforms) = postSolution
		{4A1B58E0-6C57-439F-8D59-A41F6622E905}.Debug|Any CPU.ActiveCfg = Debug|Any CPU
		{4A1B58E0-6C57-439F-8D59-A41F6622E905}.Debug|Any CPU.Build.0 = Debug|Any CPU
		{4A1B58E0-6C57-439F-8D59-A41F6622E905}.Release|Any CPU.ActiveCfg = Release|Any CPU
		{4A1B58E0-6C57-439F-8D59-A41F6622E905}.Release|Any CPU.Build.0 = Release|Any CPU
	EndGlobalSection
	GlobalSection(SolutionProperties) = preSolution
		HideSolutionNode = FALSE
	EndGlobalSection
	GlobalSection(NestedProjects) = preSolution
		{4A1B58E0-6C57-439F-8D59-A41F6622E905} = {2AC757AD-F548-479E-9312-38C98981C861}
	EndGlobalSection
	GlobalSection(ExtensibilityGlobals) = postSolution
		SolutionGuid = {1CE2FBE5-394D-42AF-A612-CDFB7FB06F58}
	EndGlobalSection
EndGlobal
